
Microsoft Visual Studio Solution File, Format Version 12.00
# Visual Studio Version 16
VisualStudioVersion = 16.6.30114.105
MinimumVisualStudioVersion = 10.0.40219.1
Project("{FAE04EC0-301F-11D3-BF4B-00C04F79EFBC}") = "SimulasiCICD", "SimulasiCICD\SimulasiCICD.csproj", "{564BD59D-8763-49FF-B40D-48172324310C}"
EndProject
Project("{FAE04EC0-301F-11D3-BF4B-00C04F79EFBC}") = "SimulasiCICD.UITes", "SimulasiCICD.UITes\SimulasiCICD.UITes.csproj", "{DC3B2B67-634E-488C-94AB-83C156A3D4E1}"
EndProject
Project("{FAE04EC0-301F-11D3-BF4B-00C04F79EFBC}") = "SimulasiCICD_API", "SimulasiCICD_API\SimulasiCICD_API.csproj", "{4E682764-57D4-4BC9-9193-4DA127CC3E86}"
EndProject
Project("{FAE04EC0-301F-11D3-BF4B-00C04F79EFBC}") = "SimulasiCICD_API.Tes", "SimulasiCICD_API.Tes\SimulasiCICD_API.Tes.csproj", "{C6431558-7E2E-438F-B00C-D5D9EFA50525}"
EndProject
Global
	GlobalSection(SolutionConfigurationPlatforms) = preSolution
		Debug|Any CPU = Debug|Any CPU
		Debug|x64 = Debug|x64
		Debug|x86 = Debug|x86
		Release|Any CPU = Release|Any CPU
		Release|x64 = Release|x64
		Release|x86 = Release|x86
	EndGlobalSection
	GlobalSection(SolutionProperties) = preSolution
		HideSolutionNode = FALSE
	EndGlobalSection
	GlobalSection(ProjectConfigurationPlatforms) = postSolution
		{564BD59D-8763-49FF-B40D-48172324310C}.Debug|Any CPU.ActiveCfg = Debug|Any CPU
		{564BD59D-8763-49FF-B40D-48172324310C}.Debug|Any CPU.Build.0 = Debug|Any CPU
		{564BD59D-8763-49FF-B40D-48172324310C}.Debug|x64.ActiveCfg = Debug|Any CPU
		{564BD59D-8763-49FF-B40D-48172324310C}.Debug|x64.Build.0 = Debug|Any CPU
		{564BD59D-8763-49FF-B40D-48172324310C}.Debug|x86.ActiveCfg = Debug|Any CPU
		{564BD59D-8763-49FF-B40D-48172324310C}.Debug|x86.Build.0 = Debug|Any CPU
		{564BD59D-8763-49FF-B40D-48172324310C}.Release|Any CPU.ActiveCfg = Release|Any CPU
		{564BD59D-8763-49FF-B40D-48172324310C}.Release|Any CPU.Build.0 = Release|Any CPU
		{564BD59D-8763-49FF-B40D-48172324310C}.Release|x64.ActiveCfg = Release|Any CPU
		{564BD59D-8763-49FF-B40D-48172324310C}.Release|x64.Build.0 = Release|Any CPU
		{564BD59D-8763-49FF-B40D-48172324310C}.Release|x86.ActiveCfg = Release|Any CPU
		{564BD59D-8763-49FF-B40D-48172324310C}.Release|x86.Build.0 = Release|Any CPU
		{DC3B2B67-634E-488C-94AB-83C156A3D4E1}.Debug|Any CPU.ActiveCfg = Debug|Any CPU
		{DC3B2B67-634E-488C-94AB-83C156A3D4E1}.Debug|Any CPU.Build.0 = Debug|Any CPU
		{DC3B2B67-634E-488C-94AB-83C156A3D4E1}.Debug|x64.ActiveCfg = Debug|Any CPU
		{DC3B2B67-634E-488C-94AB-83C156A3D4E1}.Debug|x64.Build.0 = Debug|Any CPU
		{DC3B2B67-634E-488C-94AB-83C156A3D4E1}.Debug|x86.ActiveCfg = Debug|Any CPU
		{DC3B2B67-634E-488C-94AB-83C156A3D4E1}.Debug|x86.Build.0 = Debug|Any CPU
		{DC3B2B67-634E-488C-94AB-83C156A3D4E1}.Release|Any CPU.ActiveCfg = Release|Any CPU
		{DC3B2B67-634E-488C-94AB-83C156A3D4E1}.Release|Any CPU.Build.0 = Release|Any CPU
		{DC3B2B67-634E-488C-94AB-83C156A3D4E1}.Release|x64.ActiveCfg = Release|Any CPU
		{DC3B2B67-634E-488C-94AB-83C156A3D4E1}.Release|x64.Build.0 = Release|Any CPU
		{DC3B2B67-634E-488C-94AB-83C156A3D4E1}.Release|x86.ActiveCfg = Release|Any CPU
		{DC3B2B67-634E-488C-94AB-83C156A3D4E1}.Release|x86.Build.0 = Release|Any CPU
		{4E682764-57D4-4BC9-9193-4DA127CC3E86}.Debug|Any CPU.ActiveCfg = Debug|Any CPU
		{4E682764-57D4-4BC9-9193-4DA127CC3E86}.Debug|Any CPU.Build.0 = Debug|Any CPU
		{4E682764-57D4-4BC9-9193-4DA127CC3E86}.Debug|x64.ActiveCfg = Debug|Any CPU
		{4E682764-57D4-4BC9-9193-4DA127CC3E86}.Debug|x64.Build.0 = Debug|Any CPU
		{4E682764-57D4-4BC9-9193-4DA127CC3E86}.Debug|x86.ActiveCfg = Debug|Any CPU
		{4E682764-57D4-4BC9-9193-4DA127CC3E86}.Debug|x86.Build.0 = Debug|Any CPU
		{4E682764-57D4-4BC9-9193-4DA127CC3E86}.Release|Any CPU.ActiveCfg = Release|Any CPU
		{4E682764-57D4-4BC9-9193-4DA127CC3E86}.Release|Any CPU.Build.0 = Release|Any CPU
		{4E682764-57D4-4BC9-9193-4DA127CC3E86}.Release|x64.ActiveCfg = Release|Any CPU
		{4E682764-57D4-4BC9-9193-4DA127CC3E86}.Release|x64.Build.0 = Release|Any CPU
		{4E682764-57D4-4BC9-9193-4DA127CC3E86}.Release|x86.ActiveCfg = Release|Any CPU
		{4E682764-57D4-4BC9-9193-4DA127CC3E86}.Release|x86.Build.0 = Release|Any CPU
		{C6431558-7E2E-438F-B00C-D5D9EFA50525}.Debug|Any CPU.ActiveCfg = Debug|Any CPU
		{C6431558-7E2E-438F-B00C-D5D9EFA50525}.Debug|Any CPU.Build.0 = Debug|Any CPU
		{C6431558-7E2E-438F-B00C-D5D9EFA50525}.Debug|x64.ActiveCfg = Debug|Any CPU
		{C6431558-7E2E-438F-B00C-D5D9EFA50525}.Debug|x64.Build.0 = Debug|Any CPU
		{C6431558-7E2E-438F-B00C-D5D9EFA50525}.Debug|x86.ActiveCfg = Debug|Any CPU
		{C6431558-7E2E-438F-B00C-D5D9EFA50525}.Debug|x86.Build.0 = Debug|Any CPU
		{C6431558-7E2E-438F-B00C-D5D9EFA50525}.Release|Any CPU.ActiveCfg = Release|Any CPU
		{C6431558-7E2E-438F-B00C-D5D9EFA50525}.Release|Any CPU.Build.0 = Release|Any CPU
		{C6431558-7E2E-438F-B00C-D5D9EFA50525}.Release|x64.ActiveCfg = Release|Any CPU
		{C6431558-7E2E-438F-B00C-D5D9EFA50525}.Release|x64.Build.0 = Release|Any CPU
		{C6431558-7E2E-438F-B00C-D5D9EFA50525}.Release|x86.ActiveCfg = Release|Any CPU
		{C6431558-7E2E-438F-B00C-D5D9EFA50525}.Release|x86.Build.0 = Release|Any CPU
	EndGlobalSection
EndGlobal
