
Microsoft Visual Studio Solution File, Format Version 12.00
# Visual Studio Version 16
VisualStudioVersion = 16.0.31129.286
MinimumVisualStudioVersion = 10.0.40219.1
Project("{9A19103F-16F7-4668-BE54-9A1E7A4F7556}") = "SimulasiCICD_API", "SimulasiCICD_API.csproj", "{490B48B8-2B67-44C4-A70E-DAC7B90F16D1}"
EndProject
Global
	GlobalSection(SolutionConfigurationPlatforms) = preSolution
		Debug|Any CPU = Debug|Any CPU
		Release|Any CPU = Release|Any CPU
	EndGlobalSection
	GlobalSection(ProjectConfigurationPlatforms) = postSolution
		{490B48B8-2B67-44C4-A70E-DAC7B90F16D1}.Debug|Any CPU.ActiveCfg = Debug|Any CPU
		{490B48B8-2B67-44C4-A70E-DAC7B90F16D1}.Debug|Any CPU.Build.0 = Debug|Any CPU
		{490B48B8-2B67-44C4-A70E-DAC7B90F16D1}.Release|Any CPU.ActiveCfg = Release|Any CPU
		{490B48B8-2B67-44C4-A70E-DAC7B90F16D1}.Release|Any CPU.Build.0 = Release|Any CPU
	EndGlobalSection
	GlobalSection(SolutionProperties) = preSolution
		HideSolutionNode = FALSE
	EndGlobalSection
	GlobalSection(ExtensibilityGlobals) = postSolution
		SolutionGuid = {F2C43AF7-3810-44CC-BF07-B7450CBFB433}
	EndGlobalSection
EndGlobal
